
Microsoft Visual Studio Solution File, Format Version 12.00
# Visual Studio 2013
VisualStudioVersion = 12.0.0.0
MinimumVisualStudioVersion = 10.0.0.1
Project("{8BB2217D-0F2D-49D1-97BC-3654ED321F3B}") = "Sandbox.Server.WebApi", "src\Sandbox.Server.WebApi\Sandbox.Server.WebApi.xproj", "{3E9C949D-8E14-4B1A-8172-234A6C24875E}"
EndProject
Project("{8BB2217D-0F2D-49D1-97BC-3654ED321F3B}") = "Sandbox.Server.DomainObjects", "src\Sandbox.Server.DomainObjects\Sandbox.Server.DomainObjects.xproj", "{D6424B64-C862-4815-9E3B-44D556943454}"
EndProject
Project("{8BB2217D-0F2D-49D1-97BC-3654ED321F3B}") = "Sandbox.Server.BusinessLogic", "src\Sandbox.Server.BusinessLogic\Sandbox.Server.BusinessLogic.xproj", "{7AC482AE-7F5F-41C2-AA83-4D5B71243274}"
EndProject
Project("{8BB2217D-0F2D-49D1-97BC-3654ED321F3B}") = "Sandbox.Server.DataAccess", "src\Sandbox.Server.DataAccess\Sandbox.Server.DataAccess.xproj", "{6095AA53-398B-4836-9B39-27C365FAF331}"
EndProject
Project("{2150E333-8FDC-42A3-9474-1A3956D46DE8}") = "SolutionItems", "SolutionItems", "{A3E7CF12-95A3-47DB-AD69-5723EC9FCCEA}"
EndProject
Project("{2150E333-8FDC-42A3-9474-1A3956D46DE8}") = "src", "src", "{FFEF00D5-69EE-4ACA-8C53-E4FB52E52506}"
EndProject
Project("{2150E333-8FDC-42A3-9474-1A3956D46DE8}") = "test", "test", "{4A9B2F21-87BC-41A8-9D4D-C16B114A244F}"
EndProject
Global
	GlobalSection(SolutionConfigurationPlatforms) = preSolution
		Debug|Any CPU = Debug|Any CPU
		Release|Any CPU = Release|Any CPU
	EndGlobalSection
	GlobalSection(ProjectConfigurationPlatforms) = postSolution
		{3E9C949D-8E14-4B1A-8172-234A6C24875E}.Debug|Any CPU.ActiveCfg = Debug|Any CPU
		{3E9C949D-8E14-4B1A-8172-234A6C24875E}.Debug|Any CPU.Build.0 = Debug|Any CPU
		{3E9C949D-8E14-4B1A-8172-234A6C24875E}.Release|Any CPU.ActiveCfg = Release|Any CPU
		{3E9C949D-8E14-4B1A-8172-234A6C24875E}.Release|Any CPU.Build.0 = Release|Any CPU
		{D6424B64-C862-4815-9E3B-44D556943454}.Debug|Any CPU.ActiveCfg = Debug|Any CPU
		{D6424B64-C862-4815-9E3B-44D556943454}.Debug|Any CPU.Build.0 = Debug|Any CPU
		{D6424B64-C862-4815-9E3B-44D556943454}.Release|Any CPU.ActiveCfg = Release|Any CPU
		{D6424B64-C862-4815-9E3B-44D556943454}.Release|Any CPU.Build.0 = Release|Any CPU
		{7AC482AE-7F5F-41C2-AA83-4D5B71243274}.Debug|Any CPU.ActiveCfg = Debug|Any CPU
		{7AC482AE-7F5F-41C2-AA83-4D5B71243274}.Debug|Any CPU.Build.0 = Debug|Any CPU
		{7AC482AE-7F5F-41C2-AA83-4D5B71243274}.Release|Any CPU.ActiveCfg = Release|Any CPU
		{7AC482AE-7F5F-41C2-AA83-4D5B71243274}.Release|Any CPU.Build.0 = Release|Any CPU
		{6095AA53-398B-4836-9B39-27C365FAF331}.Debug|Any CPU.ActiveCfg = Debug|Any CPU
		{6095AA53-398B-4836-9B39-27C365FAF331}.Debug|Any CPU.Build.0 = Debug|Any CPU
		{6095AA53-398B-4836-9B39-27C365FAF331}.Release|Any CPU.ActiveCfg = Release|Any CPU
		{6095AA53-398B-4836-9B39-27C365FAF331}.Release|Any CPU.Build.0 = Release|Any CPU
		{A3E7CF12-95A3-47DB-AD69-5723EC9FCCEA}.Debug|Any CPU.ActiveCfg = Debug|Any CPU
		{A3E7CF12-95A3-47DB-AD69-5723EC9FCCEA}.Debug|Any CPU.Build.0 = Debug|Any CPU
		{A3E7CF12-95A3-47DB-AD69-5723EC9FCCEA}.Release|Any CPU.ActiveCfg = Release|Any CPU
		{A3E7CF12-95A3-47DB-AD69-5723EC9FCCEA}.Release|Any CPU.Build.0 = Release|Any CPU
		{FFEF00D5-69EE-4ACA-8C53-E4FB52E52506}.Debug|Any CPU.ActiveCfg = Debug|Any CPU
		{FFEF00D5-69EE-4ACA-8C53-E4FB52E52506}.Debug|Any CPU.Build.0 = Debug|Any CPU
		{FFEF00D5-69EE-4ACA-8C53-E4FB52E52506}.Release|Any CPU.ActiveCfg = Release|Any CPU
		{FFEF00D5-69EE-4ACA-8C53-E4FB52E52506}.Release|Any CPU.Build.0 = Release|Any CPU
		{4A9B2F21-87BC-41A8-9D4D-C16B114A244F}.Debug|Any CPU.ActiveCfg = Debug|Any CPU
		{4A9B2F21-87BC-41A8-9D4D-C16B114A244F}.Debug|Any CPU.Build.0 = Debug|Any CPU
		{4A9B2F21-87BC-41A8-9D4D-C16B114A244F}.Release|Any CPU.ActiveCfg = Release|Any CPU
		{4A9B2F21-87BC-41A8-9D4D-C16B114A244F}.Release|Any CPU.Build.0 = Release|Any CPU
	EndGlobalSection
	GlobalSection(SolutionProperties) = preSolution
		HideSolutionNode = FALSE
	EndGlobalSection
	GlobalSection(NestedProjects) = preSolution
		{7AC482AE-7F5F-41C2-AA83-4D5B71243274} = {FFEF00D5-69EE-4ACA-8C53-E4FB52E52506}
		{6095AA53-398B-4836-9B39-27C365FAF331} = {FFEF00D5-69EE-4ACA-8C53-E4FB52E52506}
		{D6424B64-C862-4815-9E3B-44D556943454} = {FFEF00D5-69EE-4ACA-8C53-E4FB52E52506}
		{3E9C949D-8E14-4B1A-8172-234A6C24875E} = {FFEF00D5-69EE-4ACA-8C53-E4FB52E52506}
	EndGlobalSection
EndGlobal
